
Microsoft Visual Studio Solution File, Format Version 12.00
# Visual Studio Version 16
VisualStudioVersion = 16.0.33027.164
MinimumVisualStudioVersion = 10.0.40219.1
Project("{FAE04EC0-301F-11D3-BF4B-00C04F79EFBC}") = "L1 E5", "L1 E5\L1 E5.csproj", "{8FBF78A7-CF18-4F73-AC36-922736F0E36D}"
EndProject
Global
	GlobalSection(SolutionConfigurationPlatforms) = preSolution
		Debug|Any CPU = Debug|Any CPU
		Release|Any CPU = Release|Any CPU
	EndGlobalSection
	GlobalSection(ProjectConfigurationPlatforms) = postSolution
		{8FBF78A7-CF18-4F73-AC36-922736F0E36D}.Debug|Any CPU.ActiveCfg = Debug|Any CPU
		{8FBF78A7-CF18-4F73-AC36-922736F0E36D}.Debug|Any CPU.Build.0 = Debug|Any CPU
		{8FBF78A7-CF18-4F73-AC36-922736F0E36D}.Release|Any CPU.ActiveCfg = Release|Any CPU
		{8FBF78A7-CF18-4F73-AC36-922736F0E36D}.Release|Any CPU.Build.0 = Release|Any CPU
	EndGlobalSection
	GlobalSection(SolutionProperties) = preSolution
		HideSolutionNode = FALSE
	EndGlobalSection
	GlobalSection(ExtensibilityGlobals) = postSolution
		SolutionGuid = {A636C636-2153-4980-9F35-3C0944094032}
	EndGlobalSection
EndGlobal
